
Microsoft Visual Studio Solution File, Format Version 12.00
# Visual Studio Version 17
VisualStudioVersion = 17.7.34031.279
MinimumVisualStudioVersion = 10.0.40219.1
Project("{FAE04EC0-301F-11D3-BF4B-00C04F79EFBC}") = "ExpenseAPI", "ExpenseAPI\ExpenseAPI.csproj", "{29AE86B6-C77B-46BC-A947-8CA26366BBEE}"
EndProject
Global
	GlobalSection(SolutionConfigurationPlatforms) = preSolution
		Debug|Any CPU = Debug|Any CPU
		Release|Any CPU = Release|Any CPU
	EndGlobalSection
	GlobalSection(ProjectConfigurationPlatforms) = postSolution
		{29AE86B6-C77B-46BC-A947-8CA26366BBEE}.Debug|Any CPU.ActiveCfg = Debug|Any CPU
		{29AE86B6-C77B-46BC-A947-8CA26366BBEE}.Debug|Any CPU.Build.0 = Debug|Any CPU
		{29AE86B6-C77B-46BC-A947-8CA26366BBEE}.Release|Any CPU.ActiveCfg = Release|Any CPU
		{29AE86B6-C77B-46BC-A947-8CA26366BBEE}.Release|Any CPU.Build.0 = Release|Any CPU
	EndGlobalSection
	GlobalSection(SolutionProperties) = preSolution
		HideSolutionNode = FALSE
	EndGlobalSection
	GlobalSection(ExtensibilityGlobals) = postSolution
		SolutionGuid = {7796E2B2-13C7-4CEB-810F-3E13B7A9FCA6}
	EndGlobalSection
EndGlobal
